// !$*UTF8*$!
{
	archiveVersion = 1;
	classes = {
	};
	objectVersion = 56;
	objects = {

/* Begin PBXBuildFile section */
		65D176722DC06978008159AC /* CarouselItem.swift in Sources */ = {isa = PBXBuildFile; fileRef = 65D176712DC06978008159AC /* CarouselItem.swift */; };
		65D176742DC06A64008159AC /* CarouselView.swift in Sources */ = {isa = PBXBuildFile; fileRef = 65D176732DC06A64008159AC /* CarouselView.swift */; };
		65D176762DC06BE8008159AC /* CarouselItemView.swift in Sources */ = {isa = PBXBuildFile; fileRef = 65D176752DC06BE8008159AC /* CarouselItemView.swift */; };
		A08871832DCD7C6400E542FC /* ExperienceTitles.swift in Sources */ = {isa = PBXBuildFile; fileRef = A08871822DCD7C6400E542FC /* ExperienceTitles.swift */; };
		A229351B2DD55C4B0012FC6E /* CameraViewModel.swift in Sources */ = {isa = PBXBuildFile; fileRef = A229351A2DD55C4B0012FC6E /* CameraViewModel.swift */; };
		A22935242DD56FC10012FC6E /* MyWalletClassifier.mlmodel in Sources */ = {isa = PBXBuildFile; fileRef = A22935232DD56FC10012FC6E /* MyWalletClassifier.mlmodel */; };
		A22935262DD5701D0012FC6E /* ZonaClassifier.swift in Sources */ = {isa = PBXBuildFile; fileRef = A22935252DD5701A0012FC6E /* ZonaClassifier.swift */; };
		A237A1172DC170D600B18607 /* User.swift in Sources */ = {isa = PBXBuildFile; fileRef = A237A1162DC170D600B18607 /* User.swift */; };
		A237A1192DC1711300B18607 /* AuthResponse.swift in Sources */ = {isa = PBXBuildFile; fileRef = A237A1182DC1711300B18607 /* AuthResponse.swift */; };
		A237A11C2DC171AD00B18607 /* AuthService.swift in Sources */ = {isa = PBXBuildFile; fileRef = A237A11B2DC171AD00B18607 /* AuthService.swift */; };
		A237A11E2DC171BC00B18607 /* APIService.swift in Sources */ = {isa = PBXBuildFile; fileRef = A237A11D2DC171BC00B18607 /* APIService.swift */; };
		A237A1222DC1747600B18607 /* MainView.swift in Sources */ = {isa = PBXBuildFile; fileRef = A237A1212DC1747600B18607 /* MainView.swift */; };
		A237A1252DC174B500B18607 /* AuthViewModel.swift in Sources */ = {isa = PBXBuildFile; fileRef = A237A1242DC174B500B18607 /* AuthViewModel.swift */; };
		A237A1272DC1792800B18607 /* UserService.swift in Sources */ = {isa = PBXBuildFile; fileRef = A237A1262DC1792800B18607 /* UserService.swift */; };
		A2F0A5532DBC293400D53638 /* DevOSApp.swift in Sources */ = {isa = PBXBuildFile; fileRef = A2F0A5522DBC293400D53638 /* DevOSApp.swift */; };
		A2F0A5592DBC293500D53638 /* Assets.xcassets in Resources */ = {isa = PBXBuildFile; fileRef = A2F0A5582DBC293500D53638 /* Assets.xcassets */; };
		A2F0A55C2DBC293500D53638 /* Preview Assets.xcassets in Resources */ = {isa = PBXBuildFile; fileRef = A2F0A55B2DBC293500D53638 /* Preview Assets.xcassets */; };
		F69370102DC16715006494B6 /* NavBarView.swift in Sources */ = {isa = PBXBuildFile; fileRef = F693700F2DC16715006494B6 /* NavBarView.swift */; };
		F69370142DC16C96006494B6 /* CameraView.swift in Sources */ = {isa = PBXBuildFile; fileRef = F69370132DC16C96006494B6 /* CameraView.swift */; };
		F69370162DC16CA4006494B6 /* HomeView.swift in Sources */ = {isa = PBXBuildFile; fileRef = F69370152DC16CA4006494B6 /* HomeView.swift */; };
		F69370182DC16CAD006494B6 /* MapView.swift in Sources */ = {isa = PBXBuildFile; fileRef = F69370172DC16CAD006494B6 /* MapView.swift */; };
		F693701A2DC16F84006494B6 /* Tab.swift in Sources */ = {isa = PBXBuildFile; fileRef = F69370192DC16F84006494B6 /* Tab.swift */; };
/* End PBXBuildFile section */

/* Begin PBXFileReference section */
		65D176712DC06978008159AC /* CarouselItem.swift */ = {isa = PBXFileReference; lastKnownFileType = sourcecode.swift; path = CarouselItem.swift; sourceTree = "<group>"; };
		65D176732DC06A64008159AC /* CarouselView.swift */ = {isa = PBXFileReference; lastKnownFileType = sourcecode.swift; path = CarouselView.swift; sourceTree = "<group>"; };
		65D176752DC06BE8008159AC /* CarouselItemView.swift */ = {isa = PBXFileReference; lastKnownFileType = sourcecode.swift; path = CarouselItemView.swift; sourceTree = "<group>"; };
		A08871822DCD7C6400E542FC /* ExperienceTitles.swift */ = {isa = PBXFileReference; lastKnownFileType = sourcecode.swift; path = ExperienceTitles.swift; sourceTree = "<group>"; };
		A229351A2DD55C4B0012FC6E /* CameraViewModel.swift */ = {isa = PBXFileReference; lastKnownFileType = sourcecode.swift; path = CameraViewModel.swift; sourceTree = "<group>"; };
		A22935232DD56FC10012FC6E /* MyWalletClassifier.mlmodel */ = {isa = PBXFileReference; lastKnownFileType = file.mlmodel; path = MyWalletClassifier.mlmodel; sourceTree = "<group>"; };
		A22935252DD5701A0012FC6E /* ZonaClassifier.swift */ = {isa = PBXFileReference; lastKnownFileType = sourcecode.swift; path = ZonaClassifier.swift; sourceTree = "<group>"; };
		A237A1162DC170D600B18607 /* User.swift */ = {isa = PBXFileReference; lastKnownFileType = sourcecode.swift; path = User.swift; sourceTree = "<group>"; };
		A237A1182DC1711300B18607 /* AuthResponse.swift */ = {isa = PBXFileReference; lastKnownFileType = sourcecode.swift; path = AuthResponse.swift; sourceTree = "<group>"; };
		A237A11B2DC171AD00B18607 /* AuthService.swift */ = {isa = PBXFileReference; lastKnownFileType = sourcecode.swift; path = AuthService.swift; sourceTree = "<group>"; };
		A237A11D2DC171BC00B18607 /* APIService.swift */ = {isa = PBXFileReference; lastKnownFileType = sourcecode.swift; path = APIService.swift; sourceTree = "<group>"; };
		A237A1212DC1747600B18607 /* MainView.swift */ = {isa = PBXFileReference; lastKnownFileType = sourcecode.swift; path = MainView.swift; sourceTree = "<group>"; };
		A237A1242DC174B500B18607 /* AuthViewModel.swift */ = {isa = PBXFileReference; lastKnownFileType = sourcecode.swift; path = AuthViewModel.swift; sourceTree = "<group>"; };
		A237A1262DC1792800B18607 /* UserService.swift */ = {isa = PBXFileReference; lastKnownFileType = sourcecode.swift; path = UserService.swift; sourceTree = "<group>"; };
		A2F0A54F2DBC293400D53638 /* DevOS.app */ = {isa = PBXFileReference; explicitFileType = wrapper.application; includeInIndex = 0; path = DevOS.app; sourceTree = BUILT_PRODUCTS_DIR; };
		A2F0A5522DBC293400D53638 /* DevOSApp.swift */ = {isa = PBXFileReference; lastKnownFileType = sourcecode.swift; path = DevOSApp.swift; sourceTree = "<group>"; };
		A2F0A5582DBC293500D53638 /* Assets.xcassets */ = {isa = PBXFileReference; lastKnownFileType = folder.assetcatalog; path = Assets.xcassets; sourceTree = "<group>"; };
		A2F0A55B2DBC293500D53638 /* Preview Assets.xcassets */ = {isa = PBXFileReference; lastKnownFileType = folder.assetcatalog; path = "Preview Assets.xcassets"; sourceTree = "<group>"; };
		F693700F2DC16715006494B6 /* NavBarView.swift */ = {isa = PBXFileReference; lastKnownFileType = sourcecode.swift; path = NavBarView.swift; sourceTree = "<group>"; };
		F69370132DC16C96006494B6 /* CameraView.swift */ = {isa = PBXFileReference; lastKnownFileType = sourcecode.swift; path = CameraView.swift; sourceTree = "<group>"; };
		F69370152DC16CA4006494B6 /* HomeView.swift */ = {isa = PBXFileReference; lastKnownFileType = sourcecode.swift; path = HomeView.swift; sourceTree = "<group>"; };
		F69370172DC16CAD006494B6 /* MapView.swift */ = {isa = PBXFileReference; lastKnownFileType = sourcecode.swift; path = MapView.swift; sourceTree = "<group>"; };
		F69370192DC16F84006494B6 /* Tab.swift */ = {isa = PBXFileReference; lastKnownFileType = sourcecode.swift; path = Tab.swift; sourceTree = "<group>"; };
/* End PBXFileReference section */

/* Begin PBXFrameworksBuildPhase section */
		A2F0A54C2DBC293400D53638 /* Frameworks */ = {
			isa = PBXFrameworksBuildPhase;
			buildActionMask = 2147483647;
			files = (
			);
			runOnlyForDeploymentPostprocessing = 0;
		};
/* End PBXFrameworksBuildPhase section */

/* Begin PBXGroup section */
		A237A1132DC1704500B18607 /* Models */ = {
			isa = PBXGroup;
			children = (
				A22935232DD56FC10012FC6E /* MyWalletClassifier.mlmodel */,
				A229351A2DD55C4B0012FC6E /* CameraViewModel.swift */,
				A237A1162DC170D600B18607 /* User.swift */,
				A237A1182DC1711300B18607 /* AuthResponse.swift */,
			);
			path = Models;
			sourceTree = "<group>";
		};
		A237A11A2DC1716E00B18607 /* Services */ = {
			isa = PBXGroup;
			children = (
				A237A11B2DC171AD00B18607 /* AuthService.swift */,
				A237A11D2DC171BC00B18607 /* APIService.swift */,
				A237A1262DC1792800B18607 /* UserService.swift */,
			);
			path = Services;
			sourceTree = "<group>";
		};
		A237A1232DC1748B00B18607 /* ViewModels */ = {
			isa = PBXGroup;
			children = (
				A237A1242DC174B500B18607 /* AuthViewModel.swift */,
			);
			path = ViewModels;
			sourceTree = "<group>";
		};
		A2F0A5462DBC293400D53638 = {
			isa = PBXGroup;
			children = (
				A2F0A5512DBC293400D53638 /* DevOS */,
				A2F0A5502DBC293400D53638 /* Products */,
			);
			sourceTree = "<group>";
		};
		A2F0A5502DBC293400D53638 /* Products */ = {
			isa = PBXGroup;
			children = (
				A2F0A54F2DBC293400D53638 /* DevOS.app */,
			);
			name = Products;
			sourceTree = "<group>";
		};
		A2F0A5512DBC293400D53638 /* DevOS */ = {
			isa = PBXGroup;
			children = (
				A237A1232DC1748B00B18607 /* ViewModels */,
				A237A11A2DC1716E00B18607 /* Services */,
				A237A1132DC1704500B18607 /* Models */,
				A2F0A5522DBC293400D53638 /* DevOSApp.swift */,
				A08871822DCD7C6400E542FC /* ExperienceTitles.swift */,
				A2F0A5582DBC293500D53638 /* Assets.xcassets */,
				A2F0A55A2DBC293500D53638 /* Preview Content */,
				A237A1212DC1747600B18607 /* MainView.swift */,
				65D176732DC06A64008159AC /* CarouselView.swift */,
				65D176752DC06BE8008159AC /* CarouselItemView.swift */,
				65D176712DC06978008159AC /* CarouselItem.swift */,
				A22935252DD5701A0012FC6E /* ZonaClassifier.swift */,
			);
			path = DevOS;
			sourceTree = "<group>";
		};
		A2F0A55A2DBC293500D53638 /* Preview Content */ = {
			isa = PBXGroup;
			children = (
				A2F0A55B2DBC293500D53638 /* Preview Assets.xcassets */,
				F693700F2DC16715006494B6 /* NavBarView.swift */,
				F69370192DC16F84006494B6 /* Tab.swift */,
				F69370152DC16CA4006494B6 /* HomeView.swift */,
				F69370172DC16CAD006494B6 /* MapView.swift */,
				F69370132DC16C96006494B6 /* CameraView.swift */,
			);
			path = "Preview Content";
			sourceTree = "<group>";
		};
/* End PBXGroup section */

/* Begin PBXNativeTarget section */
		A2F0A54E2DBC293400D53638 /* DevOS */ = {
			isa = PBXNativeTarget;
			buildConfigurationList = A2F0A55F2DBC293500D53638 /* Build configuration list for PBXNativeTarget "DevOS" */;
			buildPhases = (
				A2F0A54B2DBC293400D53638 /* Sources */,
				A2F0A54C2DBC293400D53638 /* Frameworks */,
				A2F0A54D2DBC293400D53638 /* Resources */,
			);
			buildRules = (
			);
			dependencies = (
			);
			name = DevOS;
			productName = DevOS;
			productReference = A2F0A54F2DBC293400D53638 /* DevOS.app */;
			productType = "com.apple.product-type.application";
		};
/* End PBXNativeTarget section */

/* Begin PBXProject section */
		A2F0A5472DBC293400D53638 /* Project object */ = {
			isa = PBXProject;
			attributes = {
				BuildIndependentTargetsInParallel = 1;
				LastSwiftUpdateCheck = 1540;
				LastUpgradeCheck = 1540;
				TargetAttributes = {
					A2F0A54E2DBC293400D53638 = {
						CreatedOnToolsVersion = 15.4;
					};
				};
			};
			buildConfigurationList = A2F0A54A2DBC293400D53638 /* Build configuration list for PBXProject "DevOS" */;
			compatibilityVersion = "Xcode 14.0";
			developmentRegion = en;
			hasScannedForEncodings = 0;
			knownRegions = (
				en,
				Base,
			);
			mainGroup = A2F0A5462DBC293400D53638;
			productRefGroup = A2F0A5502DBC293400D53638 /* Products */;
			projectDirPath = "";
			projectRoot = "";
			targets = (
				A2F0A54E2DBC293400D53638 /* DevOS */,
			);
		};
/* End PBXProject section */

/* Begin PBXResourcesBuildPhase section */
		A2F0A54D2DBC293400D53638 /* Resources */ = {
			isa = PBXResourcesBuildPhase;
			buildActionMask = 2147483647;
			files = (
				A2F0A55C2DBC293500D53638 /* Preview Assets.xcassets in Resources */,
				A2F0A5592DBC293500D53638 /* Assets.xcassets in Resources */,
			);
			runOnlyForDeploymentPostprocessing = 0;
		};
/* End PBXResourcesBuildPhase section */

/* Begin PBXSourcesBuildPhase section */
		A2F0A54B2DBC293400D53638 /* Sources */ = {
			isa = PBXSourcesBuildPhase;
			buildActionMask = 2147483647;
			files = (
				A08871832DCD7C6400E542FC /* ExperienceTitles.swift in Sources */,
				F69370102DC16715006494B6 /* NavBarView.swift in Sources */,
				F69370182DC16CAD006494B6 /* MapView.swift in Sources */,
				F69370162DC16CA4006494B6 /* HomeView.swift in Sources */,
				A22935262DD5701D0012FC6E /* ZonaClassifier.swift in Sources */,
				F69370142DC16C96006494B6 /* CameraView.swift in Sources */,
				A229351B2DD55C4B0012FC6E /* CameraViewModel.swift in Sources */,
				F693701A2DC16F84006494B6 /* Tab.swift in Sources */,
				A237A1172DC170D600B18607 /* User.swift in Sources */,
				A237A1222DC1747600B18607 /* MainView.swift in Sources */,
				A237A11E2DC171BC00B18607 /* APIService.swift in Sources */,
				A237A11C2DC171AD00B18607 /* AuthService.swift in Sources */,
				A237A1272DC1792800B18607 /* UserService.swift in Sources */,
				A237A1192DC1711300B18607 /* AuthResponse.swift in Sources */,
				65D176722DC06978008159AC /* CarouselItem.swift in Sources */,
				65D176742DC06A64008159AC /* CarouselView.swift in Sources */,
				65D176762DC06BE8008159AC /* CarouselItemView.swift in Sources */,
				A2F0A5532DBC293400D53638 /* DevOSApp.swift in Sources */,
				A237A1252DC174B500B18607 /* AuthViewModel.swift in Sources */,
				A22935242DD56FC10012FC6E /* MyWalletClassifier.mlmodel in Sources */,
			);
			runOnlyForDeploymentPostprocessing = 0;
		};
/* End PBXSourcesBuildPhase section */

/* Begin XCBuildConfiguration section */
		A2F0A55D2DBC293500D53638 /* Debug */ = {
			isa = XCBuildConfiguration;
			buildSettings = {
				ALWAYS_SEARCH_USER_PATHS = NO;
				ASSETCATALOG_COMPILER_GENERATE_SWIFT_ASSET_SYMBOL_EXTENSIONS = YES;
				CLANG_ANALYZER_NONNULL = YES;
				CLANG_ANALYZER_NUMBER_OBJECT_CONVERSION = YES_AGGRESSIVE;
				CLANG_CXX_LANGUAGE_STANDARD = "gnu++20";
				CLANG_ENABLE_MODULES = YES;
				CLANG_ENABLE_OBJC_ARC = YES;
				CLANG_ENABLE_OBJC_WEAK = YES;
				CLANG_WARN_BLOCK_CAPTURE_AUTORELEASING = YES;
				CLANG_WARN_BOOL_CONVERSION = YES;
				CLANG_WARN_COMMA = YES;
				CLANG_WARN_CONSTANT_CONVERSION = YES;
				CLANG_WARN_DEPRECATED_OBJC_IMPLEMENTATIONS = YES;
				CLANG_WARN_DIRECT_OBJC_ISA_USAGE = YES_ERROR;
				CLANG_WARN_DOCUMENTATION_COMMENTS = YES;
				CLANG_WARN_EMPTY_BODY = YES;
				CLANG_WARN_ENUM_CONVERSION = YES;
				CLANG_WARN_INFINITE_RECURSION = YES;
				CLANG_WARN_INT_CONVERSION = YES;
				CLANG_WARN_NON_LITERAL_NULL_CONVERSION = YES;
				CLANG_WARN_OBJC_IMPLICIT_RETAIN_SELF = YES;
				CLANG_WARN_OBJC_LITERAL_CONVERSION = YES;
				CLANG_WARN_OBJC_ROOT_CLASS = YES_ERROR;
				CLANG_WARN_QUOTED_INCLUDE_IN_FRAMEWORK_HEADER = YES;
				CLANG_WARN_RANGE_LOOP_ANALYSIS = YES;
				CLANG_WARN_STRICT_PROTOTYPES = YES;
				CLANG_WARN_SUSPICIOUS_MOVE = YES;
				CLANG_WARN_UNGUARDED_AVAILABILITY = YES_AGGRESSIVE;
				CLANG_WARN_UNREACHABLE_CODE = YES;
				CLANG_WARN__DUPLICATE_METHOD_MATCH = YES;
				COPY_PHASE_STRIP = NO;
				DEBUG_INFORMATION_FORMAT = dwarf;
				ENABLE_STRICT_OBJC_MSGSEND = YES;
				ENABLE_TESTABILITY = YES;
				ENABLE_USER_SCRIPT_SANDBOXING = YES;
				GCC_C_LANGUAGE_STANDARD = gnu17;
				GCC_DYNAMIC_NO_PIC = NO;
				GCC_NO_COMMON_BLOCKS = YES;
				GCC_OPTIMIZATION_LEVEL = 0;
				GCC_PREPROCESSOR_DEFINITIONS = (
					"DEBUG=1",
					"$(inherited)",
				);
				GCC_WARN_64_TO_32_BIT_CONVERSION = YES;
				GCC_WARN_ABOUT_RETURN_TYPE = YES_ERROR;
				GCC_WARN_UNDECLARED_SELECTOR = YES;
				GCC_WARN_UNINITIALIZED_AUTOS = YES_AGGRESSIVE;
				GCC_WARN_UNUSED_FUNCTION = YES;
				GCC_WARN_UNUSED_VARIABLE = YES;
				IPHONEOS_DEPLOYMENT_TARGET = 17.5;
				LOCALIZATION_PREFERS_STRING_CATALOGS = YES;
				MTL_ENABLE_DEBUG_INFO = INCLUDE_SOURCE;
				MTL_FAST_MATH = YES;
				ONLY_ACTIVE_ARCH = YES;
				SDKROOT = iphoneos;
				SWIFT_ACTIVE_COMPILATION_CONDITIONS = "DEBUG $(inherited)";
				SWIFT_OPTIMIZATION_LEVEL = "-Onone";
			};
			name = Debug;
		};
		A2F0A55E2DBC293500D53638 /* Release */ = {
			isa = XCBuildConfiguration;
			buildSettings = {
				ALWAYS_SEARCH_USER_PATHS = NO;
				ASSETCATALOG_COMPILER_GENERATE_SWIFT_ASSET_SYMBOL_EXTENSIONS = YES;
				CLANG_ANALYZER_NONNULL = YES;
				CLANG_ANALYZER_NUMBER_OBJECT_CONVERSION = YES_AGGRESSIVE;
				CLANG_CXX_LANGUAGE_STANDARD = "gnu++20";
				CLANG_ENABLE_MODULES = YES;
				CLANG_ENABLE_OBJC_ARC = YES;
				CLANG_ENABLE_OBJC_WEAK = YES;
				CLANG_WARN_BLOCK_CAPTURE_AUTORELEASING = YES;
				CLANG_WARN_BOOL_CONVERSION = YES;
				CLANG_WARN_COMMA = YES;
				CLANG_WARN_CONSTANT_CONVERSION = YES;
				CLANG_WARN_DEPRECATED_OBJC_IMPLEMENTATIONS = YES;
				CLANG_WARN_DIRECT_OBJC_ISA_USAGE = YES_ERROR;
				CLANG_WARN_DOCUMENTATION_COMMENTS = YES;
				CLANG_WARN_EMPTY_BODY = YES;
				CLANG_WARN_ENUM_CONVERSION = YES;
				CLANG_WARN_INFINITE_RECURSION = YES;
				CLANG_WARN_INT_CONVERSION = YES;
				CLANG_WARN_NON_LITERAL_NULL_CONVERSION = YES;
				CLANG_WARN_OBJC_IMPLICIT_RETAIN_SELF = YES;
				CLANG_WARN_OBJC_LITERAL_CONVERSION = YES;
				CLANG_WARN_OBJC_ROOT_CLASS = YES_ERROR;
				CLANG_WARN_QUOTED_INCLUDE_IN_FRAMEWORK_HEADER = YES;
				CLANG_WARN_RANGE_LOOP_ANALYSIS = YES;
				CLANG_WARN_STRICT_PROTOTYPES = YES;
				CLANG_WARN_SUSPICIOUS_MOVE = YES;
				CLANG_WARN_UNGUARDED_AVAILABILITY = YES_AGGRESSIVE;
				CLANG_WARN_UNREACHABLE_CODE = YES;
				CLANG_WARN__DUPLICATE_METHOD_MATCH = YES;
				COPY_PHASE_STRIP = NO;
				DEBUG_INFORMATION_FORMAT = "dwarf-with-dsym";
				ENABLE_NS_ASSERTIONS = NO;
				ENABLE_STRICT_OBJC_MSGSEND = YES;
				ENABLE_USER_SCRIPT_SANDBOXING = YES;
				GCC_C_LANGUAGE_STANDARD = gnu17;
				GCC_NO_COMMON_BLOCKS = YES;
				GCC_WARN_64_TO_32_BIT_CONVERSION = YES;
				GCC_WARN_ABOUT_RETURN_TYPE = YES_ERROR;
				GCC_WARN_UNDECLARED_SELECTOR = YES;
				GCC_WARN_UNINITIALIZED_AUTOS = YES_AGGRESSIVE;
				GCC_WARN_UNUSED_FUNCTION = YES;
				GCC_WARN_UNUSED_VARIABLE = YES;
				IPHONEOS_DEPLOYMENT_TARGET = 17.5;
				LOCALIZATION_PREFERS_STRING_CATALOGS = YES;
				MTL_ENABLE_DEBUG_INFO = NO;
				MTL_FAST_MATH = YES;
				SDKROOT = iphoneos;
				SWIFT_COMPILATION_MODE = wholemodule;
				VALIDATE_PRODUCT = YES;
			};
			name = Release;
		};
		A2F0A5602DBC293500D53638 /* Debug */ = {
			isa = XCBuildConfiguration;
			buildSettings = {
				ASSETCATALOG_COMPILER_APPICON_NAME = AppIcon;
				ASSETCATALOG_COMPILER_GLOBAL_ACCENT_COLOR_NAME = AccentColor;
				CODE_SIGN_STYLE = Automatic;
				CURRENT_PROJECT_VERSION = 1;
				DEVELOPMENT_ASSET_PATHS = "\"DevOS/Preview Content\"";
				DEVELOPMENT_TEAM = NFM6SX8496;
				ENABLE_PREVIEWS = YES;
				GENERATE_INFOPLIST_FILE = YES;
				INFOPLIST_KEY_NSCameraUsageDescription = "Necesitamos acceso a tu cámara para capturar fotos y videos.";
				INFOPLIST_KEY_UIApplicationSceneManifest_Generation = YES;
				INFOPLIST_KEY_UIApplicationSupportsIndirectInputEvents = YES;
				INFOPLIST_KEY_UILaunchScreen_Generation = YES;
				INFOPLIST_KEY_UISupportedInterfaceOrientations_iPad = "UIInterfaceOrientationPortrait UIInterfaceOrientationPortraitUpsideDown UIInterfaceOrientationLandscapeLeft UIInterfaceOrientationLandscapeRight";
				INFOPLIST_KEY_UISupportedInterfaceOrientations_iPhone = "UIInterfaceOrientationPortrait UIInterfaceOrientationLandscapeLeft UIInterfaceOrientationLandscapeRight";
				LD_RUNPATH_SEARCH_PATHS = (
					"$(inherited)",
					"@executable_path/Frameworks",
				);
				MARKETING_VERSION = 1.0;
				PRODUCT_BUNDLE_IDENTIFIER = com.harold.DevOS;
				PRODUCT_NAME = "$(TARGET_NAME)";
				SWIFT_EMIT_LOC_STRINGS = YES;
				SWIFT_VERSION = 5.0;
				TARGETED_DEVICE_FAMILY = "1,2";
			};
			name = Debug;
		};
		A2F0A5612DBC293500D53638 /* Release */ = {
			isa = XCBuildConfiguration;
			buildSettings = {
				ASSETCATALOG_COMPILER_APPICON_NAME = AppIcon;
				ASSETCATALOG_COMPILER_GLOBAL_ACCENT_COLOR_NAME = AccentColor;
				CODE_SIGN_STYLE = Automatic;
				CURRENT_PROJECT_VERSION = 1;
				DEVELOPMENT_ASSET_PATHS = "\"DevOS/Preview Content\"";
				DEVELOPMENT_TEAM = NFM6SX8496;
				ENABLE_PREVIEWS = YES;
				GENERATE_INFOPLIST_FILE = YES;
				INFOPLIST_KEY_NSCameraUsageDescription = "Necesitamos acceso a tu cámara para capturar fotos y videos.";
				INFOPLIST_KEY_UIApplicationSceneManifest_Generation = YES;
				INFOPLIST_KEY_UIApplicationSupportsIndirectInputEvents = YES;
				INFOPLIST_KEY_UILaunchScreen_Generation = YES;
				INFOPLIST_KEY_UISupportedInterfaceOrientations_iPad = "UIInterfaceOrientationPortrait UIInterfaceOrientationPortraitUpsideDown UIInterfaceOrientationLandscapeLeft UIInterfaceOrientationLandscapeRight";
				INFOPLIST_KEY_UISupportedInterfaceOrientations_iPhone = "UIInterfaceOrientationPortrait UIInterfaceOrientationLandscapeLeft UIInterfaceOrientationLandscapeRight";
				LD_RUNPATH_SEARCH_PATHS = (
					"$(inherited)",
					"@executable_path/Frameworks",
				);
				MARKETING_VERSION = 1.0;
				PRODUCT_BUNDLE_IDENTIFIER = com.harold.DevOS;
				PRODUCT_NAME = "$(TARGET_NAME)";
				SWIFT_EMIT_LOC_STRINGS = YES;
				SWIFT_VERSION = 5.0;
				TARGETED_DEVICE_FAMILY = "1,2";
			};
			name = Release;
		};
/* End XCBuildConfiguration section */

/* Begin XCConfigurationList section */
		A2F0A54A2DBC293400D53638 /* Build configuration list for PBXProject "DevOS" */ = {
			isa = XCConfigurationList;
			buildConfigurations = (
				A2F0A55D2DBC293500D53638 /* Debug */,
				A2F0A55E2DBC293500D53638 /* Release */,
			);
			defaultConfigurationIsVisible = 0;
			defaultConfigurationName = Release;
		};
		A2F0A55F2DBC293500D53638 /* Build configuration list for PBXNativeTarget "DevOS" */ = {
			isa = XCConfigurationList;
			buildConfigurations = (
				A2F0A5602DBC293500D53638 /* Debug */,
				A2F0A5612DBC293500D53638 /* Release */,
			);
			defaultConfigurationIsVisible = 0;
			defaultConfigurationName = Release;
		};
/* End XCConfigurationList section */
	};
	rootObject = A2F0A5472DBC293400D53638 /* Project object */;
}
